# This file is automatically @generated by Poetry 2.1.3 and should not be changed by hand.

[[package]]
name = "amqp"
version = "5.3.1"
description = "Low-level AMQP client for Python (fork of amqplib)."
optional = false
python-versions = ">=3.6"
groups = ["main"]
files = [
    {file = "amqp-5.3.1-py3-none-any.whl", hash = "sha256:43b3319e1b4e7d1251833a93d672b4af1e40f3d632d479b98661a95f117880a2"},
    {file = "amqp-5.3.1.tar.gz", hash = "sha256:cddc00c725449522023bad949f70fff7b48f0b1ade74d170a6f10ab044739432"},
]

[package.dependencies]
vine = ">=5.0.0,<6.0.0"

[[package]]
name = "asgiref"
version = "3.8.1"
description = "ASGI specs, helper code, and adapters"
optional = false
python-versions = ">=3.8"
groups = ["main"]
files = [
    {file = "asgiref-3.8.1-py3-none-any.whl", hash = "sha256:3e1e3ecc849832fe52ccf2cb6686b7a55f82bb1d6aee72a58826471390335e47"},
    {file = "asgiref-3.8.1.tar.gz", hash = "sha256:c343bd80a0bec947a9860adb4c432ffa7db769836c64238fc34bdc3fec84d590"},
]

[package.extras]
tests = ["mypy (>=0.800)", "pytest", "pytest-asyncio"]

[[package]]
name = "babel"
version = "2.17.0"
description = "Internationalization utilities"
optional = false
python-versions = ">=3.8"
groups = ["main"]
files = [
    {file = "babel-2.17.0-py3-none-any.whl", hash = "sha256:4d0b53093fdfb4b21c92b5213dba5a1b23885afa8383709427046b21c366e5f2"},
    {file = "babel-2.17.0.tar.gz", hash = "sha256:0c54cffb19f690cdcc52a3b50bcbf71e07a808d1c80d549f2459b9d2cf0afb9d"},
]

[package.extras]
dev = ["backports.zoneinfo ; python_version < \"3.9\"", "freezegun (>=1.0,<2.0)", "jinja2 (>=3.0)", "pytest (>=6.0)", "pytest-cov", "pytz", "setuptools", "tzdata ; sys_platform == \"win32\""]

[[package]]
name = "billiard"
version = "4.2.1"
description = "Python multiprocessing fork with improvements and bugfixes"
optional = false
python-versions = ">=3.7"
groups = ["main"]
files = [
    {file = "billiard-4.2.1-py3-none-any.whl", hash = "sha256:40b59a4ac8806ba2c2369ea98d876bc6108b051c227baffd928c644d15d8f3cb"},
    {file = "billiard-4.2.1.tar.gz", hash = "sha256:12b641b0c539073fc8d3f5b8b7be998956665c4233c7c1fcd66a7e677c4fb36f"},
]

[[package]]
name = "celery"
version = "5.5.3"
description = "Distributed Task Queue."
optional = false
python-versions = ">=3.8"
groups = ["main"]
files = [
    {file = "celery-5.5.3-py3-none-any.whl", hash = "sha256:0b5761a07057acee94694464ca482416b959568904c9dfa41ce8413a7d65d525"},
    {file = "celery-5.5.3.tar.gz", hash = "sha256:6c972ae7968c2b5281227f01c3a3f984037d21c5129d07bf3550cc2afc6b10a5"},
]

[package.dependencies]
billiard = ">=4.2.1,<5.0"
click = ">=8.1.2,<9.0"
click-didyoumean = ">=0.3.0"
click-plugins = ">=1.1.1"
click-repl = ">=0.2.0"
kombu = ">=5.5.2,<5.6"
python-dateutil = ">=2.8.2"
vine = ">=5.1.0,<6.0"

[package.extras]
arangodb = ["pyArango (>=2.0.2)"]
auth = ["cryptography (==44.0.2)"]
azureblockblob = ["azure-identity (>=1.19.0)", "azure-storage-blob (>=12.15.0)"]
brotli = ["brotli (>=1.0.0) ; platform_python_implementation == \"CPython\"", "brotlipy (>=0.7.0) ; platform_python_implementation == \"PyPy\""]
cassandra = ["cassandra-driver (>=3.25.0,<4)"]
consul = ["python-consul2 (==0.1.5)"]
cosmosdbsql = ["pydocumentdb (==2.3.5)"]
couchbase = ["couchbase (>=3.0.0) ; platform_python_implementation != \"PyPy\" and (platform_system != \"Windows\" or python_version < \"3.10\")"]
couchdb = ["pycouchdb (==1.16.0)"]
django = ["Django (>=2.2.28)"]
dynamodb = ["boto3 (>=1.26.143)"]
elasticsearch = ["elastic-transport (<=8.17.1)", "elasticsearch (<=8.17.2)"]
eventlet = ["eventlet (>=0.32.0) ; python_version < \"3.10\""]
gcs = ["google-cloud-firestore (==2.20.1)", "google-cloud-storage (>=2.10.0)", "grpcio (==1.67.0)"]
gevent = ["gevent (>=1.5.0)"]
librabbitmq = ["librabbitmq (>=2.0.0) ; python_version < \"3.11\""]
memcache = ["pylibmc (==1.6.3) ; platform_system != \"Windows\""]
mongodb = ["kombu[mongodb]"]
msgpack = ["kombu[msgpack]"]
pydantic = ["pydantic (>=2.4)"]
pymemcache = ["python-memcached (>=1.61)"]
pyro = ["pyro4 (==4.82) ; python_version < \"3.11\""]
pytest = ["pytest-celery[all] (>=1.2.0,<1.3.0)"]
redis = ["kombu[redis]"]
s3 = ["boto3 (>=1.26.143)"]
slmq = ["softlayer_messaging (>=1.0.3)"]
solar = ["ephem (==4.2) ; platform_python_implementation != \"PyPy\""]
sqlalchemy = ["kombu[sqlalchemy]"]
sqs = ["boto3 (>=1.26.143)", "kombu[sqs] (>=5.5.0)", "urllib3 (>=1.26.16)"]
tblib = ["tblib (>=1.3.0) ; python_version < \"3.8.0\"", "tblib (>=1.5.0) ; python_version >= \"3.8.0\""]
yaml = ["kombu[yaml]"]
zookeeper = ["kazoo (>=1.3.1)"]
zstd = ["zstandard (==0.23.0)"]

[[package]]
name = "certifi"
version = "2025.6.15"
description = "Python package for providing Mozilla's CA Bundle."
optional = false
python-versions = ">=3.7"
groups = ["main"]
files = [
    {file = "certifi-2025.6.15-py3-none-any.whl", hash = "sha256:2e0c7ce7cb5d8f8634ca55d2ba7e6ec2689a2fd6537d8dec1296a477a4910057"},
    {file = "certifi-2025.6.15.tar.gz", hash = "sha256:d747aa5a8b9bbbb1bb8c22bb13e22bd1f18e9796defa16bab421f7f7a317323b"},
]

[[package]]
name = "click"
version = "8.2.1"
description = "Composable command line interface toolkit"
optional = false
python-versions = ">=3.10"
groups = ["main"]
files = [
    {file = "click-8.2.1-py3-none-any.whl", hash = "sha256:61a3265b914e850b85317d0b3109c7f8cd35a670f963866005d6ef1d5175a12b"},
    {file = "click-8.2.1.tar.gz", hash = "sha256:27c491cc05d968d271d5a1db13e3b5a184636d9d930f148c50b038f0d0646202"},
]

[package.dependencies]
colorama = {version = "*", markers = "platform_system == \"Windows\""}

[[package]]
name = "click-didyoumean"
version = "0.3.1"
description = "Enables git-like *did-you-mean* feature in click"
optional = false
python-versions = ">=3.6.2"
groups = ["main"]
files = [
    {file = "click_didyoumean-0.3.1-py3-none-any.whl", hash = "sha256:5c4bb6007cfea5f2fd6583a2fb6701a22a41eb98957e63d0fac41c10e7c3117c"},
    {file = "click_didyoumean-0.3.1.tar.gz", hash = "sha256:4f82fdff0dbe64ef8ab2279bd6aa3f6a99c3b28c05aa09cbfc07c9d7fbb5a463"},
]

[package.dependencies]
click = ">=7"

[[package]]
name = "click-plugins"
version = "1.1.1.2"
description = "An extension module for click to enable registering CLI commands via setuptools entry-points."
optional = false
python-versions = "*"
groups = ["main"]
files = [
    {file = "click_plugins-1.1.1.2-py2.py3-none-any.whl", hash = "sha256:008d65743833ffc1f5417bf0e78e8d2c23aab04d9745ba817bd3e71b0feb6aa6"},
    {file = "click_plugins-1.1.1.2.tar.gz", hash = "sha256:d7af3984a99d243c131aa1a828331e7630f4a88a9741fd05c927b204bcf92261"},
]

[package.dependencies]
click = ">=4.0"

[package.extras]
dev = ["coveralls", "pytest (>=3.6)", "pytest-cov", "wheel"]

[[package]]
name = "click-repl"
version = "0.3.0"
description = "REPL plugin for Click"
optional = false
python-versions = ">=3.6"
groups = ["main"]
files = [
    {file = "click-repl-0.3.0.tar.gz", hash = "sha256:17849c23dba3d667247dc4defe1757fff98694e90fe37474f3feebb69ced26a9"},
    {file = "click_repl-0.3.0-py3-none-any.whl", hash = "sha256:fb7e06deb8da8de86180a33a9da97ac316751c094c6899382da7feeeeb51b812"},
]

[package.dependencies]
click = ">=7.0"
prompt-toolkit = ">=3.0.36"

[package.extras]
testing = ["pytest (>=7.2.1)", "pytest-cov (>=4.0.0)", "tox (>=4.4.3)"]

[[package]]
name = "colorama"
version = "0.4.6"
description = "Cross-platform colored terminal text."
optional = false
python-versions = "!=3.0.*,!=3.1.*,!=3.2.*,!=3.3.*,!=3.4.*,!=3.5.*,!=3.6.*,>=2.7"
groups = ["main"]
markers = "platform_system == \"Windows\""
files = [
    {file = "colorama-0.4.6-py2.py3-none-any.whl", hash = "sha256:4f1d9991f5acc0ca119f9d443620b77f9d6b33703e51011c16baf57afb285fc6"},
    {file = "colorama-0.4.6.tar.gz", hash = "sha256:08695f5cb7ed6e0531a20572697297273c47b8cae5a63ffc6d6ed5c201be6e44"},
]

[[package]]
name = "cron-descriptor"
version = "1.4.5"
description = "A Python library that converts cron expressions into human readable strings."
optional = false
python-versions = "*"
groups = ["main"]
files = [
    {file = "cron_descriptor-1.4.5-py3-none-any.whl", hash = "sha256:736b3ae9d1a99bc3dbfc5b55b5e6e7c12031e7ba5de716625772f8b02dcd6013"},
    {file = "cron_descriptor-1.4.5.tar.gz", hash = "sha256:f51ce4ffc1d1f2816939add8524f206c376a42c87a5fca3091ce26725b3b1bca"},
]

[package.extras]
dev = ["polib"]

[[package]]
name = "diff-match-patch"
version = "20241021"
description = "Repackaging of Google's Diff Match and Patch libraries."
optional = false
python-versions = ">=3.7"
groups = ["main"]
files = [
    {file = "diff_match_patch-20241021-py3-none-any.whl", hash = "sha256:93cea333fb8b2bc0d181b0de5e16df50dd344ce64828226bda07728818936782"},
    {file = "diff_match_patch-20241021.tar.gz", hash = "sha256:beae57a99fa48084532935ee2968b8661db861862ec82c6f21f4acdd6d835073"},
]

[package.extras]
dev = ["attribution (==1.8.0)", "black (==24.8.0)", "build (>=1)", "flit (==3.9.0)", "mypy (==1.12.1)", "ufmt (==2.7.3)", "usort (==1.0.8.post1)"]

[[package]]
name = "django"
version = "5.2.3"
description = "A high-level Python web framework that encourages rapid development and clean, pragmatic design."
optional = false
python-versions = ">=3.10"
groups = ["main"]
files = [
    {file = "django-5.2.3-py3-none-any.whl", hash = "sha256:c517a6334e0fd940066aa9467b29401b93c37cec2e61365d663b80922542069d"},
    {file = "django-5.2.3.tar.gz", hash = "sha256:335213277666ab2c5cac44a792a6d2f3d58eb79a80c14b6b160cd4afc3b75684"},
]

[package.dependencies]
asgiref = ">=3.8.1"
sqlparse = ">=0.3.1"
tzdata = {version = "*", markers = "sys_platform == \"win32\""}

[package.extras]
argon2 = ["argon2-cffi (>=19.1.0)"]
bcrypt = ["bcrypt"]

[[package]]
name = "django-celery-beat"
version = "2.8.1"
description = "Database-backed Periodic Tasks."
optional = false
python-versions = ">=3.8"
groups = ["main"]
files = [
    {file = "django_celery_beat-2.8.1-py3-none-any.whl", hash = "sha256:da2b1c6939495c05a551717509d6e3b79444e114a027f7b77bf3727c2a39d171"},
    {file = "django_celery_beat-2.8.1.tar.gz", hash = "sha256:dfad0201c0ac50c91a34700ef8fa0a10ee098cc7f3375fe5debed79f2204f80a"},
]

[package.dependencies]
celery = ">=5.2.3,<6.0"
cron-descriptor = ">=1.2.32"
Django = ">=2.2,<6.0"
django-timezone-field = ">=5.0"
python-crontab = ">=2.3.4"
tzdata = "*"

[[package]]
name = "django-crispy-forms"
version = "2.4"
description = "Best way to have Django DRY forms"
optional = false
python-versions = ">=3.8"
groups = ["main"]
files = [
    {file = "django_crispy_forms-2.4-py3-none-any.whl", hash = "sha256:5a4b99876cfb1bdd3e47727731b6d4197c51c0da502befbfbec6a93010b02030"},
    {file = "django_crispy_forms-2.4.tar.gz", hash = "sha256:915e1ffdeb2987d78b33fabfeff8e5203c8776aa910a3a659a2c514ca125f3bd"},
]

[package.dependencies]
django = ">=4.2"

[[package]]
name = "django-debug-toolbar"
version = "5.2.0"
description = "A configurable set of panels that display various debug information about the current request/response."
optional = false
python-versions = ">=3.9"
groups = ["main"]
files = [
    {file = "django_debug_toolbar-5.2.0-py3-none-any.whl", hash = "sha256:15627f4c2836a9099d795e271e38e8cf5204ccd79d5dbcd748f8a6c284dcd195"},
    {file = "django_debug_toolbar-5.2.0.tar.gz", hash = "sha256:9e7f0145e1a1b7d78fcc3b53798686170a5b472d9cf085d88121ff823e900821"},
]

[package.dependencies]
django = ">=4.2.9"
sqlparse = ">=0.2"

[[package]]
name = "django-guardian"
version = "3.0.3"
description = "Per object permissions for Django"
optional = false
python-versions = ">=3.9"
groups = ["main"]
files = [
    {file = "django_guardian-3.0.3-py3-none-any.whl", hash = "sha256:d2164cea9f03c369d7ade21802710f3ab23ca6734bcc7dfcfb385906783916c7"},
    {file = "django_guardian-3.0.3.tar.gz", hash = "sha256:4e59eab4d836da5a027cf0c176d14bc2a4e22cbbdf753159a03946c08c8a196d"},
]

[package.dependencies]
django = ">=3.2"

[[package]]
name = "django-import-export"
version = "4.3.8"
description = "Django application and library for importing and exporting data with included admin integration."
optional = false
python-versions = ">=3.9"
groups = ["main"]
files = [
    {file = "django_import_export-4.3.8-py3-none-any.whl", hash = "sha256:e735db31b89cf6ff3bf7bb6ae205a7f175b5614d829893ebe39769ea7e94e443"},
    {file = "django_import_export-4.3.8.tar.gz", hash = "sha256:1a79d851a95cad1fb0acdb668378bb0b5c9811bb8d70393d6bdd2158c1f53b00"},
]

[package.dependencies]
diff-match-patch = "20241021"
Django = ">=4.2"
tablib = ">=3.7.0"

[package.extras]
all = ["tablib[all]"]
cli = ["tablib[cli]"]
docs = ["openpyxl (==3.1.5)", "psycopg[binary] (>=3.2.9)", "sphinx (==8.1.3)", "sphinx-rtd-theme (==3.0.1)"]
ods = ["tablib[ods]"]
pandas = ["tablib[pandas]"]
tests = ["chardet (==5.2.0)", "coverage (==7.6.4)", "django-extensions (==3.2.3)", "memory-profiler (==0.61.0)", "mysqlclient (==2.2.5)", "psycopg[binary] (>=3.2.9)", "pytz (==2024.2)", "setuptools-scm (==8.1.0)", "tablib[all] (>=3.7.0)"]
xls = ["tablib[xls]"]
xlsx = ["tablib[xlsx]"]
yaml = ["tablib[yaml]"]

[[package]]
name = "django-modeltranslation"
version = "0.19.15"
description = "Translates Django models using a registration approach."
optional = false
python-versions = "<4,>=3.9"
groups = ["main"]
files = [
    {file = "django_modeltranslation-0.19.15-py3-none-any.whl", hash = "sha256:e748c825f88dfbdd5c866cf8152b8bad38385dda30b356fec4233640f9a24998"},
    {file = "django_modeltranslation-0.19.15.tar.gz", hash = "sha256:2e41e09e916ea23efee8d14cffcd12945e356784929e6d62cc7ca0537c04d1c8"},
]

[package.dependencies]
django = ">=4.2"

[[package]]
name = "django-money"
version = "3.5.4"
description = "Adds support for using money and currency fields in django models and forms. Uses py-moneyed as the money implementation."
optional = false
python-versions = ">=3.7"
groups = ["main"]
files = [
    {file = "django_money-3.5.4-py3-none-any.whl", hash = "sha256:628b3afb6671edc2cbd26743d858c31d3b99a735357f7acb6a399ab3ab008d2b"},
    {file = "django_money-3.5.4.tar.gz", hash = "sha256:25933ed6177f8dc981114db813c7c5d36c7c89bc4017f2b1b2bb0209b5f68876"},
]

[package.dependencies]
Django = ">=2.2"
py-moneyed = ">=2.0,<3.1"
setuptools = "*"

[package.extras]
exchange = ["certifi"]
test = ["django-stubs", "mixer", "mypy", "pytest (>=8.2,<8.3)", "pytest-cov", "pytest-django"]

[[package]]
name = "django-simple-history"
version = "3.10.1"
description = "Store model history and view/revert changes from admin site."
optional = false
python-versions = ">=3.9"
groups = ["main"]
files = [
    {file = "django_simple_history-3.10.1-py3-none-any.whl", hash = "sha256:e12c27abfcd7e801a9d274d94542549ce8c617b0b384ae69afb161b56cd02ba4"},
    {file = "django_simple_history-3.10.1.tar.gz", hash = "sha256:040f0c2286bed730312aa15f0acee9e7e6f839c4bcd721693251aa7ec5b65d95"},
]

[package.dependencies]
django = ">=4.2"

[[package]]
name = "django-timezone-field"
version = "7.1"
description = "A Django app providing DB, form, and REST framework fields for zoneinfo and pytz timezone objects."
optional = false
python-versions = "<4.0,>=3.8"
groups = ["main"]
files = [
    {file = "django_timezone_field-7.1-py3-none-any.whl", hash = "sha256:93914713ed882f5bccda080eda388f7006349f25930b6122e9b07bf8db49c4b4"},
    {file = "django_timezone_field-7.1.tar.gz", hash = "sha256:b3ef409d88a2718b566fabe10ea996f2838bc72b22d3a2900c0aa905c761380c"},
]

[package.dependencies]
Django = ">=3.2,<6.0"

[[package]]
name = "django-unfold"
version = "0.60.0"
description = "Modern Django admin theme for seamless interface development"
optional = false
python-versions = ">=3.9"
groups = ["main"]
files = []
develop = false

[package.dependencies]
django = ">=4.2"

[package.source]
type = "git"
url = "https://github.com/unfoldadmin/django-unfold.git"
reference = "HEAD"
resolved_reference = "dea90a19243ff69d88910a8f89da668114aec0fa"

[[package]]
name = "gunicorn"
version = "23.0.0"
description = "WSGI HTTP Server for UNIX"
optional = false
python-versions = ">=3.7"
groups = ["main"]
files = [
    {file = "gunicorn-23.0.0-py3-none-any.whl", hash = "sha256:ec400d38950de4dfd418cff8328b2c8faed0edb0d517d3394e457c317908ca4d"},
    {file = "gunicorn-23.0.0.tar.gz", hash = "sha256:f014447a0101dc57e294f6c18ca6b40227a4c90e9bdb586042628030cba004ec"},
]

[package.dependencies]
packaging = "*"

[package.extras]
eventlet = ["eventlet (>=0.24.1,!=0.36.0)"]
gevent = ["gevent (>=1.4.0)"]
setproctitle = ["setproctitle"]
testing = ["coverage", "eventlet", "gevent", "pytest", "pytest-cov"]
tornado = ["tornado (>=0.2)"]

[[package]]
name = "kombu"
version = "5.5.4"
description = "Messaging library for Python."
optional = false
python-versions = ">=3.8"
groups = ["main"]
files = [
    {file = "kombu-5.5.4-py3-none-any.whl", hash = "sha256:a12ed0557c238897d8e518f1d1fdf84bd1516c5e305af2dacd85c2015115feb8"},
    {file = "kombu-5.5.4.tar.gz", hash = "sha256:886600168275ebeada93b888e831352fe578168342f0d1d5833d88ba0d847363"},
]

[package.dependencies]
amqp = ">=5.1.1,<6.0.0"
packaging = "*"
tzdata = {version = ">=2025.2", markers = "python_version >= \"3.9\""}
vine = "5.1.0"

[package.extras]
azureservicebus = ["azure-servicebus (>=7.10.0)"]
azurestoragequeues = ["azure-identity (>=1.12.0)", "azure-storage-queue (>=12.6.0)"]
confluentkafka = ["confluent-kafka (>=2.2.0)"]
consul = ["python-consul2 (==0.1.5)"]
gcpubsub = ["google-cloud-monitoring (>=2.16.0)", "google-cloud-pubsub (>=2.18.4)", "grpcio (==1.67.0)", "protobuf (==4.25.5)"]
librabbitmq = ["librabbitmq (>=2.0.0) ; python_version < \"3.11\""]
mongodb = ["pymongo (==4.10.1)"]
msgpack = ["msgpack (==1.1.0)"]
pyro = ["pyro4 (==4.82)"]
qpid = ["qpid-python (>=0.26)", "qpid-tools (>=0.26)"]
redis = ["redis (>=4.5.2,!=4.5.5,!=5.0.2,<=5.2.1)"]
slmq = ["softlayer_messaging (>=1.0.3)"]
sqlalchemy = ["sqlalchemy (>=1.4.48,<2.1)"]
sqs = ["boto3 (>=1.26.143)", "urllib3 (>=1.26.16)"]
yaml = ["PyYAML (>=3.10)"]
zookeeper = ["kazoo (>=2.8.0)"]

[[package]]
name = "packaging"
version = "25.0"
description = "Core utilities for Python packages"
optional = false
python-versions = ">=3.8"
groups = ["main"]
files = [
    {file = "packaging-25.0-py3-none-any.whl", hash = "sha256:29572ef2b1f17581046b3a2227d5c611fb25ec70ca1ba8554b24b0e69331a484"},
    {file = "packaging-25.0.tar.gz", hash = "sha256:d443872c98d677bf60f6a1f2f8c1cb748e8fe762d2bf9d3148b5599295b0fc4f"},
]

[[package]]
name = "pillow"
version = "11.2.1"
description = "Python Imaging Library (Fork)"
optional = false
python-versions = ">=3.9"
groups = ["main"]
files = [
    {file = "pillow-11.2.1-cp310-cp310-macosx_10_10_x86_64.whl", hash = "sha256:d57a75d53922fc20c165016a20d9c44f73305e67c351bbc60d1adaf662e74047"},
    {file = "pillow-11.2.1-cp310-cp310-macosx_11_0_arm64.whl", hash = "sha256:127bf6ac4a5b58b3d32fc8289656f77f80567d65660bc46f72c0d77e6600cc95"},
    {file = "pillow-11.2.1-cp310-cp310-manylinux_2_17_aarch64.manylinux2014_aarch64.whl", hash = "sha256:b4ba4be812c7a40280629e55ae0b14a0aafa150dd6451297562e1764808bbe61"},
    {file = "pillow-11.2.1-cp310-cp310-manylinux_2_17_x86_64.manylinux2014_x86_64.whl", hash = "sha256:c8bd62331e5032bc396a93609982a9ab6b411c05078a52f5fe3cc59234a3abd1"},
    {file = "pillow-11.2.1-cp310-cp310-manylinux_2_28_aarch64.whl", hash = "sha256:562d11134c97a62fe3af29581f083033179f7ff435f78392565a1ad2d1c2c45c"},
    {file = "pillow-11.2.1-cp310-cp310-manylinux_2_28_x86_64.whl", hash = "sha256:c97209e85b5be259994eb5b69ff50c5d20cca0f458ef9abd835e262d9d88b39d"},
    {file = "pillow-11.2.1-cp310-cp310-musllinux_1_2_aarch64.whl", hash = "sha256:0c3e6d0f59171dfa2e25d7116217543310908dfa2770aa64b8f87605f8cacc97"},
    {file = "pillow-11.2.1-cp310-cp310-musllinux_1_2_x86_64.whl", hash = "sha256:cc1c3bc53befb6096b84165956e886b1729634a799e9d6329a0c512ab651e579"},
    {file = "pillow-11.2.1-cp310-cp310-win32.whl", hash = "sha256:312c77b7f07ab2139924d2639860e084ec2a13e72af54d4f08ac843a5fc9c79d"},
    {file = "pillow-11.2.1-cp310-cp310-win_amd64.whl", hash = "sha256:9bc7ae48b8057a611e5fe9f853baa88093b9a76303937449397899385da06fad"},
    {file = "pillow-11.2.1-cp310-cp310-win_arm64.whl", hash = "sha256:2728567e249cdd939f6cc3d1f049595c66e4187f3c34078cbc0a7d21c47482d2"},
    {file = "pillow-11.2.1-cp311-cp311-macosx_10_10_x86_64.whl", hash = "sha256:35ca289f712ccfc699508c4658a1d14652e8033e9b69839edf83cbdd0ba39e70"},
    {file = "pillow-11.2.1-cp311-cp311-macosx_11_0_arm64.whl", hash = "sha256:e0409af9f829f87a2dfb7e259f78f317a5351f2045158be321fd135973fff7bf"},
    {file = "pillow-11.2.1-cp311-cp311-manylinux_2_17_aarch64.manylinux2014_aarch64.whl", hash = "sha256:d4e5c5edee874dce4f653dbe59db7c73a600119fbea8d31f53423586ee2aafd7"},
    {file = "pillow-11.2.1-cp311-cp311-manylinux_2_17_x86_64.manylinux2014_x86_64.whl", hash = "sha256:b93a07e76d13bff9444f1a029e0af2964e654bfc2e2c2d46bfd080df5ad5f3d8"},
    {file = "pillow-11.2.1-cp311-cp311-manylinux_2_28_aarch64.whl", hash = "sha256:e6def7eed9e7fa90fde255afaf08060dc4b343bbe524a8f69bdd2a2f0018f600"},
    {file = "pillow-11.2.1-cp311-cp311-manylinux_2_28_x86_64.whl", hash = "sha256:8f4f3724c068be008c08257207210c138d5f3731af6c155a81c2b09a9eb3a788"},
    {file = "pillow-11.2.1-cp311-cp311-musllinux_1_2_aarch64.whl", hash = "sha256:a0a6709b47019dff32e678bc12c63008311b82b9327613f534e496dacaefb71e"},
    {file = "pillow-11.2.1-cp311-cp311-musllinux_1_2_x86_64.whl", hash = "sha256:f6b0c664ccb879109ee3ca702a9272d877f4fcd21e5eb63c26422fd6e415365e"},
    {file = "pillow-11.2.1-cp311-cp311-win32.whl", hash = "sha256:cc5d875d56e49f112b6def6813c4e3d3036d269c008bf8aef72cd08d20ca6df6"},
    {file = "pillow-11.2.1-cp311-cp311-win_amd64.whl", hash = "sha256:0f5c7eda47bf8e3c8a283762cab94e496ba977a420868cb819159980b6709193"},
    {file = "pillow-11.2.1-cp311-cp311-win_arm64.whl", hash = "sha256:4d375eb838755f2528ac8cbc926c3e31cc49ca4ad0cf79cff48b20e30634a4a7"},
    {file = "pillow-11.2.1-cp312-cp312-macosx_10_13_x86_64.whl", hash = "sha256:78afba22027b4accef10dbd5eed84425930ba41b3ea0a86fa8d20baaf19d807f"},
    {file = "pillow-11.2.1-cp312-cp312-macosx_11_0_arm64.whl", hash = "sha256:78092232a4ab376a35d68c4e6d5e00dfd73454bd12b230420025fbe178ee3b0b"},
    {file = "pillow-11.2.1-cp312-cp312-manylinux_2_17_aarch64.manylinux2014_aarch64.whl", hash = "sha256:25a5f306095c6780c52e6bbb6109624b95c5b18e40aab1c3041da3e9e0cd3e2d"},
    {file = "pillow-11.2.1-cp312-cp312-manylinux_2_17_x86_64.manylinux2014_x86_64.whl", hash = "sha256:0c7b29dbd4281923a2bfe562acb734cee96bbb129e96e6972d315ed9f232bef4"},
    {file = "pillow-11.2.1-cp312-cp312-manylinux_2_28_aarch64.whl", hash = "sha256:3e645b020f3209a0181a418bffe7b4a93171eef6c4ef6cc20980b30bebf17b7d"},
    {file = "pillow-11.2.1-cp312-cp312-manylinux_2_28_x86_64.whl", hash = "sha256:b2dbea1012ccb784a65349f57bbc93730b96e85b42e9bf7b01ef40443db720b4"},
    {file = "pillow-11.2.1-cp312-cp312-musllinux_1_2_aarch64.whl", hash = "sha256:da3104c57bbd72948d75f6a9389e6727d2ab6333c3617f0a89d72d4940aa0443"},
    {file = "pillow-11.2.1-cp312-cp312-musllinux_1_2_x86_64.whl", hash = "sha256:598174aef4589af795f66f9caab87ba4ff860ce08cd5bb447c6fc553ffee603c"},
    {file = "pillow-11.2.1-cp312-cp312-win32.whl", hash = "sha256:1d535df14716e7f8776b9e7fee118576d65572b4aad3ed639be9e4fa88a1cad3"},
    {file = "pillow-11.2.1-cp312-cp312-win_amd64.whl", hash = "sha256:14e33b28bf17c7a38eede290f77db7c664e4eb01f7869e37fa98a5aa95978941"},
    {file = "pillow-11.2.1-cp312-cp312-win_arm64.whl", hash = "sha256:21e1470ac9e5739ff880c211fc3af01e3ae505859392bf65458c224d0bf283eb"},
    {file = "pillow-11.2.1-cp313-cp313-macosx_10_13_x86_64.whl", hash = "sha256:fdec757fea0b793056419bca3e9932eb2b0ceec90ef4813ea4c1e072c389eb28"},
    {file = "pillow-11.2.1-cp313-cp313-macosx_11_0_arm64.whl", hash = "sha256:b0e130705d568e2f43a17bcbe74d90958e8a16263868a12c3e0d9c8162690830"},
    {file = "pillow-11.2.1-cp313-cp313-manylinux_2_17_aarch64.manylinux2014_aarch64.whl", hash = "sha256:7bdb5e09068332578214cadd9c05e3d64d99e0e87591be22a324bdbc18925be0"},
    {file = "pillow-11.2.1-cp313-cp313-manylinux_2_17_x86_64.manylinux2014_x86_64.whl", hash = "sha256:d189ba1bebfbc0c0e529159631ec72bb9e9bc041f01ec6d3233d6d82eb823bc1"},
    {file = "pillow-11.2.1-cp313-cp313-manylinux_2_28_aarch64.whl", hash = "sha256:191955c55d8a712fab8934a42bfefbf99dd0b5875078240943f913bb66d46d9f"},
    {file = "pillow-11.2.1-cp313-cp313-manylinux_2_28_x86_64.whl", hash = "sha256:ad275964d52e2243430472fc5d2c2334b4fc3ff9c16cb0a19254e25efa03a155"},
    {file = "pillow-11.2.1-cp313-cp313-musllinux_1_2_aarch64.whl", hash = "sha256:750f96efe0597382660d8b53e90dd1dd44568a8edb51cb7f9d5d918b80d4de14"},
    {file = "pillow-11.2.1-cp313-cp313-musllinux_1_2_x86_64.whl", hash = "sha256:fe15238d3798788d00716637b3d4e7bb6bde18b26e5d08335a96e88564a36b6b"},
    {file = "pillow-11.2.1-cp313-cp313-win32.whl", hash = "sha256:3fe735ced9a607fee4f481423a9c36701a39719252a9bb251679635f99d0f7d2"},
    {file = "pillow-11.2.1-cp313-cp313-win_amd64.whl", hash = "sha256:74ee3d7ecb3f3c05459ba95eed5efa28d6092d751ce9bf20e3e253a4e497e691"},
    {file = "pillow-11.2.1-cp313-cp313-win_arm64.whl", hash = "sha256:5119225c622403afb4b44bad4c1ca6c1f98eed79db8d3bc6e4e160fc6339d66c"},
    {file = "pillow-11.2.1-cp313-cp313t-macosx_10_13_x86_64.whl", hash = "sha256:8ce2e8411c7aaef53e6bb29fe98f28cd4fbd9a1d9be2eeea434331aac0536b22"},
    {file = "pillow-11.2.1-cp313-cp313t-macosx_11_0_arm64.whl", hash = "sha256:9ee66787e095127116d91dea2143db65c7bb1e232f617aa5957c0d9d2a3f23a7"},
    {file = "pillow-11.2.1-cp313-cp313t-manylinux_2_17_aarch64.manylinux2014_aarch64.whl", hash = "sha256:9622e3b6c1d8b551b6e6f21873bdcc55762b4b2126633014cea1803368a9aa16"},
    {file = "pillow-11.2.1-cp313-cp313t-manylinux_2_17_x86_64.manylinux2014_x86_64.whl", hash = "sha256:63b5dff3a68f371ea06025a1a6966c9a1e1ee452fc8020c2cd0ea41b83e9037b"},
    {file = "pillow-11.2.1-cp313-cp313t-manylinux_2_28_aarch64.whl", hash = "sha256:31df6e2d3d8fc99f993fd253e97fae451a8db2e7207acf97859732273e108406"},
    {file = "pillow-11.2.1-cp313-cp313t-manylinux_2_28_x86_64.whl", hash = "sha256:062b7a42d672c45a70fa1f8b43d1d38ff76b63421cbbe7f88146b39e8a558d91"},
    {file = "pillow-11.2.1-cp313-cp313t-musllinux_1_2_aarch64.whl", hash = "sha256:4eb92eca2711ef8be42fd3f67533765d9fd043b8c80db204f16c8ea62ee1a751"},
    {file = "pillow-11.2.1-cp313-cp313t-musllinux_1_2_x86_64.whl", hash = "sha256:f91ebf30830a48c825590aede79376cb40f110b387c17ee9bd59932c961044f9"},
    {file = "pillow-11.2.1-cp313-cp313t-win32.whl", hash = "sha256:e0b55f27f584ed623221cfe995c912c61606be8513bfa0e07d2c674b4516d9dd"},
    {file = "pillow-11.2.1-cp313-cp313t-win_amd64.whl", hash = "sha256:36d6b82164c39ce5482f649b437382c0fb2395eabc1e2b1702a6deb8ad647d6e"},
    {file = "pillow-11.2.1-cp313-cp313t-win_arm64.whl", hash = "sha256:225c832a13326e34f212d2072982bb1adb210e0cc0b153e688743018c94a2681"},
    {file = "pillow-11.2.1-cp39-cp39-macosx_10_10_x86_64.whl", hash = "sha256:7491cf8a79b8eb867d419648fff2f83cb0b3891c8b36da92cc7f1931d46108c8"},
    {file = "pillow-11.2.1-cp39-cp39-macosx_11_0_arm64.whl", hash = "sha256:8b02d8f9cb83c52578a0b4beadba92e37d83a4ef11570a8688bbf43f4ca50909"},
    {file = "pillow-11.2.1-cp39-cp39-manylinux_2_17_aarch64.manylinux2014_aarch64.whl", hash = "sha256:014ca0050c85003620526b0ac1ac53f56fc93af128f7546623cc8e31875ab928"},
    {file = "pillow-11.2.1-cp39-cp39-manylinux_2_17_x86_64.manylinux2014_x86_64.whl", hash = "sha256:3692b68c87096ac6308296d96354eddd25f98740c9d2ab54e1549d6c8aea9d79"},
    {file = "pillow-11.2.1-cp39-cp39-manylinux_2_28_aarch64.whl", hash = "sha256:f781dcb0bc9929adc77bad571b8621ecb1e4cdef86e940fe2e5b5ee24fd33b35"},
    {file = "pillow-11.2.1-cp39-cp39-manylinux_2_28_x86_64.whl", hash = "sha256:2b490402c96f907a166615e9a5afacf2519e28295f157ec3a2bb9bd57de638cb"},
    {file = "pillow-11.2.1-cp39-cp39-musllinux_1_2_aarch64.whl", hash = "sha256:dd6b20b93b3ccc9c1b597999209e4bc5cf2853f9ee66e3fc9a400a78733ffc9a"},
    {file = "pillow-11.2.1-cp39-cp39-musllinux_1_2_x86_64.whl", hash = "sha256:4b835d89c08a6c2ee7781b8dd0a30209a8012b5f09c0a665b65b0eb3560b6f36"},
    {file = "pillow-11.2.1-cp39-cp39-win32.whl", hash = "sha256:b10428b3416d4f9c61f94b494681280be7686bda15898a3a9e08eb66a6d92d67"},
    {file = "pillow-11.2.1-cp39-cp39-win_amd64.whl", hash = "sha256:6ebce70c3f486acf7591a3d73431fa504a4e18a9b97ff27f5f47b7368e4b9dd1"},
    {file = "pillow-11.2.1-cp39-cp39-win_arm64.whl", hash = "sha256:c27476257b2fdcd7872d54cfd119b3a9ce4610fb85c8e32b70b42e3680a29a1e"},
    {file = "pillow-11.2.1-pp310-pypy310_pp73-macosx_10_15_x86_64.whl", hash = "sha256:9b7b0d4fd2635f54ad82785d56bc0d94f147096493a79985d0ab57aedd563156"},
    {file = "pillow-11.2.1-pp310-pypy310_pp73-macosx_11_0_arm64.whl", hash = "sha256:aa442755e31c64037aa7c1cb186e0b369f8416c567381852c63444dd666fb772"},
    {file = "pillow-11.2.1-pp310-pypy310_pp73-manylinux_2_17_aarch64.manylinux2014_aarch64.whl", hash = "sha256:f0d3348c95b766f54b76116d53d4cb171b52992a1027e7ca50c81b43b9d9e363"},
    {file = "pillow-11.2.1-pp310-pypy310_pp73-manylinux_2_17_x86_64.manylinux2014_x86_64.whl", hash = "sha256:85d27ea4c889342f7e35f6d56e7e1cb345632ad592e8c51b693d7b7556043ce0"},
    {file = "pillow-11.2.1-pp310-pypy310_pp73-manylinux_2_28_aarch64.whl", hash = "sha256:bf2c33d6791c598142f00c9c4c7d47f6476731c31081331664eb26d6ab583e01"},
    {file = "pillow-11.2.1-pp310-pypy310_pp73-manylinux_2_28_x86_64.whl", hash = "sha256:e616e7154c37669fc1dfc14584f11e284e05d1c650e1c0f972f281c4ccc53193"},
    {file = "pillow-11.2.1-pp310-pypy310_pp73-win_amd64.whl", hash = "sha256:39ad2e0f424394e3aebc40168845fee52df1394a4673a6ee512d840d14ab3013"},
    {file = "pillow-11.2.1-pp311-pypy311_pp73-macosx_10_15_x86_64.whl", hash = "sha256:80f1df8dbe9572b4b7abdfa17eb5d78dd620b1d55d9e25f834efdbee872d3aed"},
    {file = "pillow-11.2.1-pp311-pypy311_pp73-macosx_11_0_arm64.whl", hash = "sha256:ea926cfbc3957090becbcbbb65ad177161a2ff2ad578b5a6ec9bb1e1cd78753c"},
    {file = "pillow-11.2.1-pp311-pypy311_pp73-manylinux_2_17_aarch64.manylinux2014_aarch64.whl", hash = "sha256:738db0e0941ca0376804d4de6a782c005245264edaa253ffce24e5a15cbdc7bd"},
    {file = "pillow-11.2.1-pp311-pypy311_pp73-manylinux_2_17_x86_64.manylinux2014_x86_64.whl", hash = "sha256:9db98ab6565c69082ec9b0d4e40dd9f6181dab0dd236d26f7a50b8b9bfbd5076"},
    {file = "pillow-11.2.1-pp311-pypy311_pp73-manylinux_2_28_aarch64.whl", hash = "sha256:036e53f4170e270ddb8797d4c590e6dd14d28e15c7da375c18978045f7e6c37b"},
    {file = "pillow-11.2.1-pp311-pypy311_pp73-manylinux_2_28_x86_64.whl", hash = "sha256:14f73f7c291279bd65fda51ee87affd7c1e097709f7fdd0188957a16c264601f"},
    {file = "pillow-11.2.1-pp311-pypy311_pp73-win_amd64.whl", hash = "sha256:208653868d5c9ecc2b327f9b9ef34e0e42a4cdd172c2988fd81d62d2bc9bc044"},
    {file = "pillow-11.2.1.tar.gz", hash = "sha256:a64dd61998416367b7ef979b73d3a85853ba9bec4c2925f74e588879a58716b6"},
]

[package.extras]
docs = ["furo", "olefile", "sphinx (>=8.2)", "sphinx-copybutton", "sphinx-inline-tabs", "sphinxext-opengraph"]
fpx = ["olefile"]
mic = ["olefile"]
test-arrow = ["pyarrow"]
tests = ["check-manifest", "coverage (>=7.4.2)", "defusedxml", "markdown2", "olefile", "packaging", "pyroma", "pytest", "pytest-cov", "pytest-timeout", "trove-classifiers (>=2024.10.12)"]
typing = ["typing-extensions ; python_version < \"3.10\""]
xmp = ["defusedxml"]

[[package]]
name = "prompt-toolkit"
version = "3.0.51"
description = "Library for building powerful interactive command lines in Python"
optional = false
python-versions = ">=3.8"
groups = ["main"]
files = [
    {file = "prompt_toolkit-3.0.51-py3-none-any.whl", hash = "sha256:52742911fde84e2d423e2f9a4cf1de7d7ac4e51958f648d9540e0fb8db077b07"},
    {file = "prompt_toolkit-3.0.51.tar.gz", hash = "sha256:931a162e3b27fc90c86f1b48bb1fb2c528c2761475e57c9c06de13311c7b54ed"},
]

[package.dependencies]
wcwidth = "*"

[[package]]
name = "py-moneyed"
version = "3.0"
description = "Provides Currency and Money classes for use in your Python code."
optional = false
python-versions = ">=3.7"
groups = ["main"]
files = [
    {file = "py-moneyed-3.0.tar.gz", hash = "sha256:4906f0f02cf2b91edba2e156f2d4e9a78f224059ab8c8fa2ff26230c75d894e8"},
    {file = "py_moneyed-3.0-py3-none-any.whl", hash = "sha256:9583a14f99c05b46196193d8185206e9b73c8439fc8a5eee9cfc7e733676d9bb"},
]

[package.dependencies]
babel = ">=2.8.0"
typing-extensions = ">=3.7.4.3"

[package.extras]
tests = ["pytest (>=2.3.0)", "tox (>=1.6.0)"]
type-tests = ["mypy (>=0.812)", "pytest (>=2.3.0)", "pytest-mypy-plugins"]

[[package]]
name = "pygments"
version = "2.19.2"
description = "Pygments is a syntax highlighting package written in Python."
optional = false
python-versions = ">=3.8"
groups = ["main"]
files = [
    {file = "pygments-2.19.2-py3-none-any.whl", hash = "sha256:86540386c03d588bb81d44bc3928634ff26449851e99741617ecb9037ee5ec0b"},
    {file = "pygments-2.19.2.tar.gz", hash = "sha256:636cb2477cec7f8952536970bc533bc43743542f70392ae026374600add5b887"},
]

[package.extras]
windows-terminal = ["colorama (>=0.4.6)"]

[[package]]
name = "python-crontab"
version = "3.2.0"
description = "Python Crontab API"
optional = false
python-versions = "*"
groups = ["main"]
files = [
    {file = "python_crontab-3.2.0-py3-none-any.whl", hash = "sha256:82cb9b6a312d41ff66fd3caf3eed7115c28c195bfb50711bc2b4b9592feb9fe5"},
    {file = "python_crontab-3.2.0.tar.gz", hash = "sha256:40067d1dd39ade3460b2ad8557c7651514cd3851deffff61c5c60e1227c5c36b"},
]

[package.dependencies]
python-dateutil = "*"

[package.extras]
cron-description = ["cron-descriptor"]
cron-schedule = ["croniter"]

[[package]]
name = "python-dateutil"
version = "2.9.0.post0"
description = "Extensions to the standard Python datetime module"
optional = false
python-versions = "!=3.0.*,!=3.1.*,!=3.2.*,>=2.7"
groups = ["main"]
files = [
    {file = "python-dateutil-2.9.0.post0.tar.gz", hash = "sha256:37dd54208da7e1cd875388217d5e00ebd4179249f90fb72437e91a35459a0ad3"},
    {file = "python_dateutil-2.9.0.post0-py2.py3-none-any.whl", hash = "sha256:a8b2bc7bffae282281c8140a97d3aa9c14da0b136dfe83f850eea9a5f7470427"},
]

[package.dependencies]
six = ">=1.5"

[[package]]
name = "sentry-sdk"
version = "2.32.0"
description = "Python client for Sentry (https://sentry.io)"
optional = false
python-versions = ">=3.6"
groups = ["main"]
files = [
    {file = "sentry_sdk-2.32.0-py2.py3-none-any.whl", hash = "sha256:6cf51521b099562d7ce3606da928c473643abe99b00ce4cb5626ea735f4ec345"},
    {file = "sentry_sdk-2.32.0.tar.gz", hash = "sha256:9016c75d9316b0f6921ac14c8cd4fb938f26002430ac5be9945ab280f78bec6b"},
]

[package.dependencies]
certifi = "*"
django = {version = ">=1.8", optional = true, markers = "extra == \"django\""}
urllib3 = ">=1.26.11"

[package.extras]
aiohttp = ["aiohttp (>=3.5)"]
anthropic = ["anthropic (>=0.16)"]
arq = ["arq (>=0.23)"]
asyncpg = ["asyncpg (>=0.23)"]
beam = ["apache-beam (>=2.12)"]
bottle = ["bottle (>=0.12.13)"]
celery = ["celery (>=3)"]
celery-redbeat = ["celery-redbeat (>=2)"]
chalice = ["chalice (>=1.16.0)"]
clickhouse-driver = ["clickhouse-driver (>=0.2.0)"]
django = ["django (>=1.8)"]
falcon = ["falcon (>=1.4)"]
fastapi = ["fastapi (>=0.79.0)"]
flask = ["blinker (>=1.1)", "flask (>=0.11)", "markupsafe"]
grpcio = ["grpcio (>=1.21.1)", "protobuf (>=3.8.0)"]
http2 = ["httpcore[http2] (==1.*)"]
httpx = ["httpx (>=0.16.0)"]
huey = ["huey (>=2)"]
huggingface-hub = ["huggingface_hub (>=0.22)"]
langchain = ["langchain (>=0.0.210)"]
launchdarkly = ["launchdarkly-server-sdk (>=9.8.0)"]
litestar = ["litestar (>=2.0.0)"]
loguru = ["loguru (>=0.5)"]
openai = ["openai (>=1.0.0)", "tiktoken (>=0.3.0)"]
openfeature = ["openfeature-sdk (>=0.7.1)"]
opentelemetry = ["opentelemetry-distro (>=0.35b0)"]
opentelemetry-experimental = ["opentelemetry-distro"]
pure-eval = ["asttokens", "executing", "pure_eval"]
pymongo = ["pymongo (>=3.1)"]
pyspark = ["pyspark (>=2.4.4)"]
quart = ["blinker (>=1.1)", "quart (>=0.16.1)"]
rq = ["rq (>=0.6)"]
sanic = ["sanic (>=0.8)"]
sqlalchemy = ["sqlalchemy (>=1.2)"]
starlette = ["starlette (>=0.19.1)"]
starlite = ["starlite (>=1.48)"]
statsig = ["statsig (>=0.55.3)"]
tornado = ["tornado (>=6)"]
unleash = ["UnleashClient (>=6.0.1)"]

[[package]]
name = "setuptools"
version = "80.9.0"
description = "Easily download, build, install, upgrade, and uninstall Python packages"
optional = false
python-versions = ">=3.9"
groups = ["main"]
files = [
    {file = "setuptools-80.9.0-py3-none-any.whl", hash = "sha256:062d34222ad13e0cc312a4c02d73f059e86a4acbfbdea8f8f76b28c99f306922"},
    {file = "setuptools-80.9.0.tar.gz", hash = "sha256:f36b47402ecde768dbfafc46e8e4207b4360c654f1f3bb84475f0a28628fb19c"},
]

[package.extras]
check = ["pytest-checkdocs (>=2.4)", "pytest-ruff (>=0.2.1) ; sys_platform != \"cygwin\"", "ruff (>=0.8.0) ; sys_platform != \"cygwin\""]
core = ["importlib_metadata (>=6) ; python_version < \"3.10\"", "jaraco.functools (>=4)", "jaraco.text (>=3.7)", "more_itertools", "more_itertools (>=8.8)", "packaging (>=24.2)", "platformdirs (>=4.2.2)", "tomli (>=2.0.1) ; python_version < \"3.11\"", "wheel (>=0.43.0)"]
cover = ["pytest-cov"]
doc = ["furo", "jaraco.packaging (>=9.3)", "jaraco.tidelift (>=1.4)", "pygments-github-lexers (==0.0.5)", "pyproject-hooks (!=1.1)", "rst.linker (>=1.9)", "sphinx (>=3.5)", "sphinx-favicon", "sphinx-inline-tabs", "sphinx-lint", "sphinx-notfound-page (>=1,<2)", "sphinx-reredirects", "sphinxcontrib-towncrier", "towncrier (<24.7)"]
enabler = ["pytest-enabler (>=2.2)"]
test = ["build[virtualenv] (>=1.0.3)", "filelock (>=3.4.0)", "ini2toml[lite] (>=0.14)", "jaraco.develop (>=7.21) ; python_version >= \"3.9\" and sys_platform != \"cygwin\"", "jaraco.envs (>=2.2)", "jaraco.path (>=3.7.2)", "jaraco.test (>=5.5)", "packaging (>=24.2)", "pip (>=19.1)", "pyproject-hooks (!=1.1)", "pytest (>=6,!=8.1.*)", "pytest-home (>=0.5)", "pytest-perf ; sys_platform != \"cygwin\"", "pytest-subprocess", "pytest-timeout", "pytest-xdist (>=3)", "tomli-w (>=1.0.0)", "virtualenv (>=13.0.0)", "wheel (>=0.44.0)"]
type = ["importlib_metadata (>=7.0.2) ; python_version < \"3.10\"", "jaraco.develop (>=7.21) ; sys_platform != \"cygwin\"", "mypy (==1.14.*)", "pytest-mypy"]

[[package]]
name = "six"
version = "1.17.0"
description = "Python 2 and 3 compatibility utilities"
optional = false
python-versions = "!=3.0.*,!=3.1.*,!=3.2.*,>=2.7"
groups = ["main"]
files = [
    {file = "six-1.17.0-py2.py3-none-any.whl", hash = "sha256:4721f391ed90541fddacab5acf947aa0d3dc7d27b2e1e8eda2be8970586c3274"},
    {file = "six-1.17.0.tar.gz", hash = "sha256:ff70335d468e7eb6ec65b95b99d3a2836546063f63acc5171de367e834932a81"},
]

[[package]]
name = "sqlparse"
version = "0.5.3"
description = "A non-validating SQL parser."
optional = false
python-versions = ">=3.8"
groups = ["main"]
files = [
    {file = "sqlparse-0.5.3-py3-none-any.whl", hash = "sha256:cf2196ed3418f3ba5de6af7e82c694a9fbdbfecccdfc72e281548517081f16ca"},
    {file = "sqlparse-0.5.3.tar.gz", hash = "sha256:09f67787f56a0b16ecdbde1bfc7f5d9c3371ca683cfeaa8e6ff60b4807ec9272"},
]

[package.extras]
dev = ["build", "hatch"]
doc = ["sphinx"]

[[package]]
name = "tablib"
version = "3.8.0"
description = "Format agnostic tabular data library (XLS, JSON, YAML, CSV, etc.)"
optional = false
python-versions = ">=3.9"
groups = ["main"]
files = [
    {file = "tablib-3.8.0-py3-none-any.whl", hash = "sha256:35bdb9d4ec7052232f8803908f9c7a9c3c65807188b70618fa7a7d8ccd560b4d"},
    {file = "tablib-3.8.0.tar.gz", hash = "sha256:94d8bcdc65a715a0024a6d5b701a5f31e45bd159269e62c73731de79f048db2b"},
]

[package.extras]
all = ["odfpy", "openpyxl (>=2.6.0)", "pandas", "pyyaml", "tabulate", "xlrd", "xlwt"]
cli = ["tabulate"]
ods = ["odfpy"]
pandas = ["pandas"]
xls = ["xlrd", "xlwt"]
xlsx = ["openpyxl (>=2.6.0)"]
yaml = ["pyyaml"]

[[package]]
name = "typing-extensions"
version = "4.14.0"
description = "Backported and Experimental Type Hints for Python 3.9+"
optional = false
python-versions = ">=3.9"
groups = ["main"]
files = [
    {file = "typing_extensions-4.14.0-py3-none-any.whl", hash = "sha256:a1514509136dd0b477638fc68d6a91497af5076466ad0fa6c338e44e359944af"},
    {file = "typing_extensions-4.14.0.tar.gz", hash = "sha256:8676b788e32f02ab42d9e7c61324048ae4c6d844a399eebace3d4979d75ceef4"},
]

[[package]]
name = "tzdata"
version = "2025.2"
description = "Provider of IANA time zone data"
optional = false
python-versions = ">=2"
groups = ["main"]
files = [
    {file = "tzdata-2025.2-py2.py3-none-any.whl", hash = "sha256:1a403fada01ff9221ca8044d701868fa132215d84beb92242d9acd2147f667a8"},
    {file = "tzdata-2025.2.tar.gz", hash = "sha256:b60a638fcc0daffadf82fe0f57e53d06bdec2f36c4df66280ae79bce6bd6f2b9"},
]

[[package]]
name = "urllib3"
version = "2.5.0"
description = "HTTP library with thread-safe connection pooling, file post, and more."
optional = false
python-versions = ">=3.9"
groups = ["main"]
files = [
    {file = "urllib3-2.5.0-py3-none-any.whl", hash = "sha256:e6b01673c0fa6a13e374b50871808eb3bf7046c4b125b216f6bf1cc604cff0dc"},
    {file = "urllib3-2.5.0.tar.gz", hash = "sha256:3fc47733c7e419d4bc3f6b3dc2b4f890bb743906a30d56ba4a5bfa4bbff92760"},
]

[package.extras]
brotli = ["brotli (>=1.0.9) ; platform_python_implementation == \"CPython\"", "brotlicffi (>=0.8.0) ; platform_python_implementation != \"CPython\""]
h2 = ["h2 (>=4,<5)"]
socks = ["pysocks (>=1.5.6,!=1.5.7,<2.0)"]
zstd = ["zstandard (>=0.18.0)"]

[[package]]
name = "vine"
version = "5.1.0"
description = "Python promises."
optional = false
python-versions = ">=3.6"
groups = ["main"]
files = [
    {file = "vine-5.1.0-py3-none-any.whl", hash = "sha256:40fdf3c48b2cfe1c38a49e9ae2da6fda88e4794c810050a728bd7413811fb1dc"},
    {file = "vine-5.1.0.tar.gz", hash = "sha256:8b62e981d35c41049211cf62a0a1242d8c1ee9bd15bb196ce38aefd6799e61e0"},
]

[[package]]
name = "wcwidth"
version = "0.2.13"
description = "Measures the displayed width of unicode strings in a terminal"
optional = false
python-versions = "*"
groups = ["main"]
files = [
    {file = "wcwidth-0.2.13-py2.py3-none-any.whl", hash = "sha256:3da69048e4540d84af32131829ff948f1e022c1c6bdb8d6102117aac784f6859"},
    {file = "wcwidth-0.2.13.tar.gz", hash = "sha256:72ea0c06399eb286d978fdedb6923a9eb47e1c486ce63e9b4e64fc18303972b5"},
]

[[package]]
name = "whitenoise"
version = "6.9.0"
description = "Radically simplified static file serving for WSGI applications"
optional = false
python-versions = ">=3.9"
groups = ["main"]
files = [
    {file = "whitenoise-6.9.0-py3-none-any.whl", hash = "sha256:c8a489049b7ee9889617bb4c274a153f3d979e8f51d2efd0f5b403caf41c57df"},
    {file = "whitenoise-6.9.0.tar.gz", hash = "sha256:8c4a7c9d384694990c26f3047e118c691557481d624f069b7f7752a2f735d609"},
]

[package.extras]
brotli = ["brotli"]

[metadata]
lock-version = "2.1"
python-versions = "^3.13"
content-hash = "23c621e880a13d1fddad295b3a9265e2f1947f341b3186e7bc25e420d711cced"
